
Microsoft Visual Studio Solution File, Format Version 12.00
# Visual Studio Version 17
VisualStudioVersion = 17.4.33213.308
MinimumVisualStudioVersion = 10.0.40219.1
Project("{FAE04EC0-301F-11D3-BF4B-00C04F79EFBC}") = "seznameni", "seznameni\seznameni.csproj", "{26297B0F-A0E0-4EF3-B7DF-1D7CBFF408DA}"
EndProject
Global
	GlobalSection(SolutionConfigurationPlatforms) = preSolution
		Debug|Any CPU = Debug|Any CPU
		Release|Any CPU = Release|Any CPU
	EndGlobalSection
	GlobalSection(ProjectConfigurationPlatforms) = postSolution
		{26297B0F-A0E0-4EF3-B7DF-1D7CBFF408DA}.Debug|Any CPU.ActiveCfg = Debug|Any CPU
		{26297B0F-A0E0-4EF3-B7DF-1D7CBFF408DA}.Debug|Any CPU.Build.0 = Debug|Any CPU
		{26297B0F-A0E0-4EF3-B7DF-1D7CBFF408DA}.Release|Any CPU.ActiveCfg = Release|Any CPU
		{26297B0F-A0E0-4EF3-B7DF-1D7CBFF408DA}.Release|Any CPU.Build.0 = Release|Any CPU
	EndGlobalSection
	GlobalSection(SolutionProperties) = preSolution
		HideSolutionNode = FALSE
	EndGlobalSection
	GlobalSection(ExtensibilityGlobals) = postSolution
		SolutionGuid = {8A432749-7211-4833-9F20-B8335FBD9F9B}
	EndGlobalSection
EndGlobal
